// !$*UTF8*$!
{
	archiveVersion = 1;
	classes = {
	};
	objectVersion = 56;
	objects = {

/* Begin PBXBuildFile section */
		83155B032A8B91AF00412B12 /* MockWeatherServiceConsumer.swift in Sources */ = {isa = PBXBuildFile; fileRef = 83155B022A8B91AF00412B12 /* MockWeatherServiceConsumer.swift */; };
		83155B052A8B92FD00412B12 /* FiveDayWeatherForeCastModel+Extension.swift in Sources */ = {isa = PBXBuildFile; fileRef = 83155B042A8B92FD00412B12 /* FiveDayWeatherForeCastModel+Extension.swift */; };
		832970E22A60D3300005345B /* NetworkComponents in Frameworks */ = {isa = PBXBuildFile; productRef = 832970E12A60D3300005345B /* NetworkComponents */; };
		832970E52A6215960005345B /* EnvironmentService.swift in Sources */ = {isa = PBXBuildFile; fileRef = 832970E42A6215960005345B /* EnvironmentService.swift */; };
		832970E72A62259E0005345B /* HourlyForecast.swift in Sources */ = {isa = PBXBuildFile; fileRef = 832970E62A62259E0005345B /* HourlyForecast.swift */; };
		83469C732A376CFF00DFB758 /* NetworkServiceIntercept.swift in Sources */ = {isa = PBXBuildFile; fileRef = 83469C722A376CFF00DFB758 /* NetworkServiceIntercept.swift */; };
		83469C752A376D2A00DFB758 /* WeatherServiceSearch.swift in Sources */ = {isa = PBXBuildFile; fileRef = 83469C742A376D2A00DFB758 /* WeatherServiceSearch.swift */; };
		834A93712A7D215500D8F1B8 /* Date+Extension.swift in Sources */ = {isa = PBXBuildFile; fileRef = 834A93702A7D215500D8F1B8 /* Date+Extension.swift */; };
		834B7DFA2A7E8DD4004A1B17 /* FiveDayWeatherForecast.json in Resources */ = {isa = PBXBuildFile; fileRef = 834B7DF92A7E8DD4004A1B17 /* FiveDayWeatherForecast.json */; };
		837AB1E82A890D5E004EB46B /* String+Extension.swift in Sources */ = {isa = PBXBuildFile; fileRef = 837AB1E22A88FD0C004EB46B /* String+Extension.swift */; };
		837AB1EA2A890D66004EB46B /* OneDayResponseCheckDay.swift in Sources */ = {isa = PBXBuildFile; fileRef = 834B7DFC2A7E8E6E004A1B17 /* OneDayResponseCheckDay.swift */; };
		837AB1EC2A890D9A004EB46B /* WeatherResponseModel+Extension.swift in Sources */ = {isa = PBXBuildFile; fileRef = 837AB1E52A890D23004EB46B /* WeatherResponseModel+Extension.swift */; };
		837AB1F22A8918F5004EB46B /* Bundle+Extension.swift in Sources */ = {isa = PBXBuildFile; fileRef = 837AB1F12A8918F5004EB46B /* Bundle+Extension.swift */; };
		837AB1F72A891B50004EB46B /* FiveDayWeatherForecast.json in Resources */ = {isa = PBXBuildFile; fileRef = 834B7DF92A7E8DD4004A1B17 /* FiveDayWeatherForecast.json */; };
		837AB1FA2A891D49004EB46B /* CurrentWeatherData.json in Resources */ = {isa = PBXBuildFile; fileRef = 837AB1F92A891D49004EB46B /* CurrentWeatherData.json */; };
		837AB1FB2A891D49004EB46B /* CurrentWeatherData.json in Resources */ = {isa = PBXBuildFile; fileRef = 837AB1F92A891D49004EB46B /* CurrentWeatherData.json */; };
		839E556F2A3B801700E2C937 /* ImageCacheManager.swift in Sources */ = {isa = PBXBuildFile; fileRef = 839E556E2A3B801700E2C937 /* ImageCacheManager.swift */; };
		83C4E8402A1F6C40002D9DF1 /* BasicWeatherApp.swift in Sources */ = {isa = PBXBuildFile; fileRef = 83C4E83F2A1F6C40002D9DF1 /* BasicWeatherApp.swift */; };
		83C4E8442A1F6C41002D9DF1 /* Assets.xcassets in Resources */ = {isa = PBXBuildFile; fileRef = 83C4E8432A1F6C41002D9DF1 /* Assets.xcassets */; };
		83C4E8482A1F6C41002D9DF1 /* Preview Assets.xcassets in Resources */ = {isa = PBXBuildFile; fileRef = 83C4E8472A1F6C41002D9DF1 /* Preview Assets.xcassets */; };
		83C4E8522A1F6C41002D9DF1 /* Chase_Code_ChallengeTests.swift in Sources */ = {isa = PBXBuildFile; fileRef = 83C4E8512A1F6C41002D9DF1 /* Chase_Code_ChallengeTests.swift */; };
		83C4E85C2A1F6C41002D9DF1 /* Chase_Code_ChallengeUITests.swift in Sources */ = {isa = PBXBuildFile; fileRef = 83C4E85B2A1F6C41002D9DF1 /* Chase_Code_ChallengeUITests.swift */; };
		83C4E85E2A1F6C41002D9DF1 /* Chase_Code_ChallengeUITestsLaunchTests.swift in Sources */ = {isa = PBXBuildFile; fileRef = 83C4E85D2A1F6C41002D9DF1 /* Chase_Code_ChallengeUITestsLaunchTests.swift */; };
		83C4E86D2A1F84F3002D9DF1 /* CurrentForecastView.swift in Sources */ = {isa = PBXBuildFile; fileRef = 83C4E86C2A1F84F3002D9DF1 /* CurrentForecastView.swift */; };
		83C4E86F2A1F8A21002D9DF1 /* WeatherServicesConsumer.swift in Sources */ = {isa = PBXBuildFile; fileRef = 83C4E86E2A1F8A21002D9DF1 /* WeatherServicesConsumer.swift */; };
		83C4E8752A1F9909002D9DF1 /* LocationServices.swift in Sources */ = {isa = PBXBuildFile; fileRef = 83C4E8742A1F9909002D9DF1 /* LocationServices.swift */; };
		83C4E8772A1FB910002D9DF1 /* CurrentWeatherResponseModel.swift in Sources */ = {isa = PBXBuildFile; fileRef = 83C4E8762A1FB910002D9DF1 /* CurrentWeatherResponseModel.swift */; };
		83C4E8792A1FE6FE002D9DF1 /* WeatherModel.swift in Sources */ = {isa = PBXBuildFile; fileRef = 83C4E8782A1FE6FE002D9DF1 /* WeatherModel.swift */; };
		83C4E87B2A1FF27B002D9DF1 /* WeatherViewModel.swift in Sources */ = {isa = PBXBuildFile; fileRef = 83C4E87A2A1FF27B002D9DF1 /* WeatherViewModel.swift */; };
		83C4E87D2A200AD8002D9DF1 /* SearchViewController.swift in Sources */ = {isa = PBXBuildFile; fileRef = 83C4E87C2A200AD8002D9DF1 /* SearchViewController.swift */; };
		83CCDE5D2A47AFCC008C5C3E /* HumidityTileView.swift in Sources */ = {isa = PBXBuildFile; fileRef = 83CCDE5C2A47AFCC008C5C3E /* HumidityTileView.swift */; };
/* End PBXBuildFile section */

/* Begin PBXContainerItemProxy section */
		83C4E84E2A1F6C41002D9DF1 /* PBXContainerItemProxy */ = {
			isa = PBXContainerItemProxy;
			containerPortal = 83C4E8342A1F6C40002D9DF1 /* Project object */;
			proxyType = 1;
			remoteGlobalIDString = 83C4E83B2A1F6C40002D9DF1;
			remoteInfo = "Chase Code Challenge";
		};
		83C4E8582A1F6C41002D9DF1 /* PBXContainerItemProxy */ = {
			isa = PBXContainerItemProxy;
			containerPortal = 83C4E8342A1F6C40002D9DF1 /* Project object */;
			proxyType = 1;
			remoteGlobalIDString = 83C4E83B2A1F6C40002D9DF1;
			remoteInfo = "Chase Code Challenge";
		};
/* End PBXContainerItemProxy section */

/* Begin PBXFileReference section */
		83155B022A8B91AF00412B12 /* MockWeatherServiceConsumer.swift */ = {isa = PBXFileReference; lastKnownFileType = sourcecode.swift; path = MockWeatherServiceConsumer.swift; sourceTree = "<group>"; };
		83155B042A8B92FD00412B12 /* FiveDayWeatherForeCastModel+Extension.swift */ = {isa = PBXFileReference; lastKnownFileType = sourcecode.swift; path = "FiveDayWeatherForeCastModel+Extension.swift"; sourceTree = "<group>"; };
		832970E42A6215960005345B /* EnvironmentService.swift */ = {isa = PBXFileReference; lastKnownFileType = sourcecode.swift; path = EnvironmentService.swift; sourceTree = "<group>"; };
		832970E62A62259E0005345B /* HourlyForecast.swift */ = {isa = PBXFileReference; lastKnownFileType = sourcecode.swift; path = HourlyForecast.swift; sourceTree = "<group>"; };
		83469C722A376CFF00DFB758 /* NetworkServiceIntercept.swift */ = {isa = PBXFileReference; lastKnownFileType = sourcecode.swift; path = NetworkServiceIntercept.swift; sourceTree = "<group>"; };
		83469C742A376D2A00DFB758 /* WeatherServiceSearch.swift */ = {isa = PBXFileReference; lastKnownFileType = sourcecode.swift; path = WeatherServiceSearch.swift; sourceTree = "<group>"; };
		834A93702A7D215500D8F1B8 /* Date+Extension.swift */ = {isa = PBXFileReference; lastKnownFileType = sourcecode.swift; path = "Date+Extension.swift"; sourceTree = "<group>"; };
		834B7DF92A7E8DD4004A1B17 /* FiveDayWeatherForecast.json */ = {isa = PBXFileReference; lastKnownFileType = text.json; path = FiveDayWeatherForecast.json; sourceTree = "<group>"; };
		834B7DFC2A7E8E6E004A1B17 /* OneDayResponseCheckDay.swift */ = {isa = PBXFileReference; lastKnownFileType = sourcecode.swift; path = OneDayResponseCheckDay.swift; sourceTree = "<group>"; };
		837AB1E22A88FD0C004EB46B /* String+Extension.swift */ = {isa = PBXFileReference; lastKnownFileType = sourcecode.swift; path = "String+Extension.swift"; sourceTree = "<group>"; };
		837AB1E52A890D23004EB46B /* WeatherResponseModel+Extension.swift */ = {isa = PBXFileReference; lastKnownFileType = sourcecode.swift; path = "WeatherResponseModel+Extension.swift"; sourceTree = "<group>"; };
		837AB1F12A8918F5004EB46B /* Bundle+Extension.swift */ = {isa = PBXFileReference; lastKnownFileType = sourcecode.swift; path = "Bundle+Extension.swift"; sourceTree = "<group>"; };
		837AB1F92A891D49004EB46B /* CurrentWeatherData.json */ = {isa = PBXFileReference; lastKnownFileType = text.json; path = CurrentWeatherData.json; sourceTree = "<group>"; };
		839E556E2A3B801700E2C937 /* ImageCacheManager.swift */ = {isa = PBXFileReference; lastKnownFileType = sourcecode.swift; path = ImageCacheManager.swift; sourceTree = "<group>"; };
		83C4E83C2A1F6C40002D9DF1 /* Basic Weather App.app */ = {isa = PBXFileReference; explicitFileType = wrapper.application; includeInIndex = 0; path = "Basic Weather App.app"; sourceTree = BUILT_PRODUCTS_DIR; };
		83C4E83F2A1F6C40002D9DF1 /* BasicWeatherApp.swift */ = {isa = PBXFileReference; lastKnownFileType = sourcecode.swift; path = BasicWeatherApp.swift; sourceTree = "<group>"; };
		83C4E8432A1F6C41002D9DF1 /* Assets.xcassets */ = {isa = PBXFileReference; lastKnownFileType = folder.assetcatalog; path = Assets.xcassets; sourceTree = "<group>"; };
		83C4E8452A1F6C41002D9DF1 /* Basic.entitlements */ = {isa = PBXFileReference; lastKnownFileType = text.plist.entitlements; path = Basic.entitlements; sourceTree = "<group>"; };
		83C4E8472A1F6C41002D9DF1 /* Preview Assets.xcassets */ = {isa = PBXFileReference; lastKnownFileType = folder.assetcatalog; path = "Preview Assets.xcassets"; sourceTree = "<group>"; };
		83C4E84D2A1F6C41002D9DF1 /* Basic Weather AppTests.xctest */ = {isa = PBXFileReference; explicitFileType = wrapper.cfbundle; includeInIndex = 0; path = "Basic Weather AppTests.xctest"; sourceTree = BUILT_PRODUCTS_DIR; };
		83C4E8512A1F6C41002D9DF1 /* Chase_Code_ChallengeTests.swift */ = {isa = PBXFileReference; lastKnownFileType = sourcecode.swift; path = Chase_Code_ChallengeTests.swift; sourceTree = "<group>"; };
		83C4E8572A1F6C41002D9DF1 /* Basic Weather AppUITests.xctest */ = {isa = PBXFileReference; explicitFileType = wrapper.cfbundle; includeInIndex = 0; path = "Basic Weather AppUITests.xctest"; sourceTree = BUILT_PRODUCTS_DIR; };
		83C4E85B2A1F6C41002D9DF1 /* Chase_Code_ChallengeUITests.swift */ = {isa = PBXFileReference; lastKnownFileType = sourcecode.swift; path = Chase_Code_ChallengeUITests.swift; sourceTree = "<group>"; };
		83C4E85D2A1F6C41002D9DF1 /* Chase_Code_ChallengeUITestsLaunchTests.swift */ = {isa = PBXFileReference; lastKnownFileType = sourcecode.swift; path = Chase_Code_ChallengeUITestsLaunchTests.swift; sourceTree = "<group>"; };
		83C4E86C2A1F84F3002D9DF1 /* CurrentForecastView.swift */ = {isa = PBXFileReference; lastKnownFileType = sourcecode.swift; path = CurrentForecastView.swift; sourceTree = "<group>"; };
		83C4E86E2A1F8A21002D9DF1 /* WeatherServicesConsumer.swift */ = {isa = PBXFileReference; lastKnownFileType = sourcecode.swift; path = WeatherServicesConsumer.swift; sourceTree = "<group>"; };
		83C4E8732A1F97D6002D9DF1 /* BasicWeatherApp.plist */ = {isa = PBXFileReference; lastKnownFileType = text.plist.xml; path = BasicWeatherApp.plist; sourceTree = SOURCE_ROOT; };
		83C4E8742A1F9909002D9DF1 /* LocationServices.swift */ = {isa = PBXFileReference; lastKnownFileType = sourcecode.swift; path = LocationServices.swift; sourceTree = "<group>"; };
		83C4E8762A1FB910002D9DF1 /* CurrentWeatherResponseModel.swift */ = {isa = PBXFileReference; lastKnownFileType = sourcecode.swift; path = CurrentWeatherResponseModel.swift; sourceTree = "<group>"; };
		83C4E8782A1FE6FE002D9DF1 /* WeatherModel.swift */ = {isa = PBXFileReference; lastKnownFileType = sourcecode.swift; path = WeatherModel.swift; sourceTree = "<group>"; };
		83C4E87A2A1FF27B002D9DF1 /* WeatherViewModel.swift */ = {isa = PBXFileReference; lastKnownFileType = sourcecode.swift; path = WeatherViewModel.swift; sourceTree = "<group>"; };
		83C4E87C2A200AD8002D9DF1 /* SearchViewController.swift */ = {isa = PBXFileReference; lastKnownFileType = sourcecode.swift; path = SearchViewController.swift; sourceTree = "<group>"; };
		83CCDE5C2A47AFCC008C5C3E /* HumidityTileView.swift */ = {isa = PBXFileReference; lastKnownFileType = sourcecode.swift; path = HumidityTileView.swift; sourceTree = "<group>"; };
/* End PBXFileReference section */

/* Begin PBXFrameworksBuildPhase section */
		83C4E8392A1F6C40002D9DF1 /* Frameworks */ = {
			isa = PBXFrameworksBuildPhase;
			buildActionMask = 2147483647;
			files = (
				832970E22A60D3300005345B /* NetworkComponents in Frameworks */,
			);
			runOnlyForDeploymentPostprocessing = 0;
		};
		83C4E84A2A1F6C41002D9DF1 /* Frameworks */ = {
			isa = PBXFrameworksBuildPhase;
			buildActionMask = 2147483647;
			files = (
			);
			runOnlyForDeploymentPostprocessing = 0;
		};
		83C4E8542A1F6C41002D9DF1 /* Frameworks */ = {
			isa = PBXFrameworksBuildPhase;
			buildActionMask = 2147483647;
			files = (
			);
			runOnlyForDeploymentPostprocessing = 0;
		};
/* End PBXFrameworksBuildPhase section */

/* Begin PBXGroup section */
		83155B002A892AD900412B12 /* Extension */ = {
			isa = PBXGroup;
			children = (
				834A93702A7D215500D8F1B8 /* Date+Extension.swift */,
			);
			path = Extension;
			sourceTree = "<group>";
		};
		83155B012A892AF200412B12 /* Model */ = {
			isa = PBXGroup;
			children = (
				83C4E8762A1FB910002D9DF1 /* CurrentWeatherResponseModel.swift */,
			);
			path = Model;
			sourceTree = "<group>";
		};
		832970E32A6215780005345B /* Services */ = {
			isa = PBXGroup;
			children = (
				83C4E8742A1F9909002D9DF1 /* LocationServices.swift */,
				83469C722A376CFF00DFB758 /* NetworkServiceIntercept.swift */,
				832970E42A6215960005345B /* EnvironmentService.swift */,
			);
			path = Services;
			sourceTree = "<group>";
		};
		832970E82A6394B60005345B /* Resources */ = {
			isa = PBXGroup;
			children = (
			);
			path = Resources;
			sourceTree = "<group>";
		};
		834A936F2A7D214500D8F1B8 /* Utility */ = {
			isa = PBXGroup;
			children = (
				83155B002A892AD900412B12 /* Extension */,
				839E556E2A3B801700E2C937 /* ImageCacheManager.swift */,
			);
			path = Utility;
			sourceTree = "<group>";
		};
		834B7DF72A7E8D8E004A1B17 /* Resources */ = {
			isa = PBXGroup;
			children = (
				837AB1E42A890CCC004EB46B /* MockData */,
				834B7DF82A7E8D95004A1B17 /* Responses */,
				837AB1E22A88FD0C004EB46B /* String+Extension.swift */,
				837AB1F12A8918F5004EB46B /* Bundle+Extension.swift */,
			);
			path = Resources;
			sourceTree = "<group>";
		};
		834B7DF82A7E8D95004A1B17 /* Responses */ = {
			isa = PBXGroup;
			children = (
				834B7DF92A7E8DD4004A1B17 /* FiveDayWeatherForecast.json */,
				837AB1F92A891D49004EB46B /* CurrentWeatherData.json */,
			);
			path = Responses;
			sourceTree = "<group>";
		};
		837AB1E42A890CCC004EB46B /* MockData */ = {
			isa = PBXGroup;
			children = (
				83155B022A8B91AF00412B12 /* MockWeatherServiceConsumer.swift */,
				837AB1E52A890D23004EB46B /* WeatherResponseModel+Extension.swift */,
				83155B042A8B92FD00412B12 /* FiveDayWeatherForeCastModel+Extension.swift */,
			);
			path = MockData;
			sourceTree = "<group>";
		};
		83C4E8332A1F6C40002D9DF1 = {
			isa = PBXGroup;
			children = (
				834A936F2A7D214500D8F1B8 /* Utility */,
				83C4E83E2A1F6C40002D9DF1 /* Basic Weather App */,
				83C4E8502A1F6C41002D9DF1 /* Basic Weather App Tests */,
				83C4E85A2A1F6C41002D9DF1 /* Basic Weather App UITests */,
				83C4E83D2A1F6C40002D9DF1 /* Products */,
			);
			sourceTree = "<group>";
		};
		83C4E83D2A1F6C40002D9DF1 /* Products */ = {
			isa = PBXGroup;
			children = (
				83C4E83C2A1F6C40002D9DF1 /* Basic Weather App.app */,
				83C4E84D2A1F6C41002D9DF1 /* Basic Weather AppTests.xctest */,
				83C4E8572A1F6C41002D9DF1 /* Basic Weather AppUITests.xctest */,
			);
			name = Products;
			sourceTree = "<group>";
		};
		83C4E83E2A1F6C40002D9DF1 /* Basic Weather App */ = {
			isa = PBXGroup;
			children = (
				832970E82A6394B60005345B /* Resources */,
				832970E32A6215780005345B /* Services */,
				83C4E8732A1F97D6002D9DF1 /* BasicWeatherApp.plist */,
				83C4E83F2A1F6C40002D9DF1 /* BasicWeatherApp.swift */,
				83CCDE5E2A47AFD7008C5C3E /* Views */,
				83C4E87C2A200AD8002D9DF1 /* SearchViewController.swift */,
				83C4E86E2A1F8A21002D9DF1 /* WeatherServicesConsumer.swift */,
				83469C742A376D2A00DFB758 /* WeatherServiceSearch.swift */,
				83C4E87A2A1FF27B002D9DF1 /* WeatherViewModel.swift */,
				83155B012A892AF200412B12 /* Model */,
				83C4E8782A1FE6FE002D9DF1 /* WeatherModel.swift */,
				83C4E8432A1F6C41002D9DF1 /* Assets.xcassets */,
				83C4E8452A1F6C41002D9DF1 /* Basic.entitlements */,
				83C4E8462A1F6C41002D9DF1 /* Preview Content */,
			);
			path = "Basic Weather App";
			sourceTree = "<group>";
		};
		83C4E8462A1F6C41002D9DF1 /* Preview Content */ = {
			isa = PBXGroup;
			children = (
				83C4E8472A1F6C41002D9DF1 /* Preview Assets.xcassets */,
			);
			path = "Preview Content";
			sourceTree = "<group>";
		};
		83C4E8502A1F6C41002D9DF1 /* Basic Weather App Tests */ = {
			isa = PBXGroup;
			children = (
				83C4E8512A1F6C41002D9DF1 /* Chase_Code_ChallengeTests.swift */,
				834B7DF72A7E8D8E004A1B17 /* Resources */,
				834B7DFC2A7E8E6E004A1B17 /* OneDayResponseCheckDay.swift */,
			);
			path = "Basic Weather App Tests";
			sourceTree = "<group>";
		};
		83C4E85A2A1F6C41002D9DF1 /* Basic Weather App UITests */ = {
			isa = PBXGroup;
			children = (
				83C4E85B2A1F6C41002D9DF1 /* Chase_Code_ChallengeUITests.swift */,
				83C4E85D2A1F6C41002D9DF1 /* Chase_Code_ChallengeUITestsLaunchTests.swift */,
			);
			path = "Basic Weather App UITests";
			sourceTree = "<group>";
		};
		83CCDE5E2A47AFD7008C5C3E /* Views */ = {
			isa = PBXGroup;
			children = (
				83C4E86C2A1F84F3002D9DF1 /* CurrentForecastView.swift */,
				83CCDE5C2A47AFCC008C5C3E /* HumidityTileView.swift */,
				832970E62A62259E0005345B /* HourlyForecast.swift */,
			);
			path = Views;
			sourceTree = "<group>";
		};
/* End PBXGroup section */

/* Begin PBXNativeTarget section */
		83C4E83B2A1F6C40002D9DF1 /* Basic Weather App */ = {
			isa = PBXNativeTarget;
			buildConfigurationList = 83C4E8612A1F6C41002D9DF1 /* Build configuration list for PBXNativeTarget "Basic Weather App" */;
			buildPhases = (
				83C4E8382A1F6C40002D9DF1 /* Sources */,
				83C4E8392A1F6C40002D9DF1 /* Frameworks */,
				83C4E83A2A1F6C40002D9DF1 /* Resources */,
			);
			buildRules = (
			);
			dependencies = (
			);
			name = "Basic Weather App";
			packageProductDependencies = (
				832970E12A60D3300005345B /* NetworkComponents */,
			);
			productName = "Chase Code Challenge";
			productReference = 83C4E83C2A1F6C40002D9DF1 /* Basic Weather App.app */;
			productType = "com.apple.product-type.application";
		};
		83C4E84C2A1F6C41002D9DF1 /* Basic Weather AppTests */ = {
			isa = PBXNativeTarget;
			buildConfigurationList = 83C4E8642A1F6C41002D9DF1 /* Build configuration list for PBXNativeTarget "Basic Weather AppTests" */;
			buildPhases = (
				83C4E8492A1F6C41002D9DF1 /* Sources */,
				83C4E84A2A1F6C41002D9DF1 /* Frameworks */,
				83C4E84B2A1F6C41002D9DF1 /* Resources */,
			);
			buildRules = (
			);
			dependencies = (
				83C4E84F2A1F6C41002D9DF1 /* PBXTargetDependency */,
			);
			name = "Basic Weather AppTests";
			productName = "Chase Code ChallengeTests";
			productReference = 83C4E84D2A1F6C41002D9DF1 /* Basic Weather AppTests.xctest */;
			productType = "com.apple.product-type.bundle.unit-test";
		};
		83C4E8562A1F6C41002D9DF1 /* Basic Weather AppUITests */ = {
			isa = PBXNativeTarget;
			buildConfigurationList = 83C4E8672A1F6C41002D9DF1 /* Build configuration list for PBXNativeTarget "Basic Weather AppUITests" */;
			buildPhases = (
				83C4E8532A1F6C41002D9DF1 /* Sources */,
				83C4E8542A1F6C41002D9DF1 /* Frameworks */,
				83C4E8552A1F6C41002D9DF1 /* Resources */,
			);
			buildRules = (
			);
			dependencies = (
				83C4E8592A1F6C41002D9DF1 /* PBXTargetDependency */,
			);
			name = "Basic Weather AppUITests";
			productName = "Chase Code ChallengeUITests";
			productReference = 83C4E8572A1F6C41002D9DF1 /* Basic Weather AppUITests.xctest */;
			productType = "com.apple.product-type.bundle.ui-testing";
		};
/* End PBXNativeTarget section */

/* Begin PBXProject section */
		83C4E8342A1F6C40002D9DF1 /* Project object */ = {
			isa = PBXProject;
			attributes = {
				BuildIndependentTargetsInParallel = 1;
				LastSwiftUpdateCheck = 1420;
				LastUpgradeCheck = 1420;
				TargetAttributes = {
					83C4E83B2A1F6C40002D9DF1 = {
						CreatedOnToolsVersion = 14.2;
					};
					83C4E84C2A1F6C41002D9DF1 = {
						CreatedOnToolsVersion = 14.2;
						TestTargetID = 83C4E83B2A1F6C40002D9DF1;
					};
					83C4E8562A1F6C41002D9DF1 = {
						CreatedOnToolsVersion = 14.2;
						TestTargetID = 83C4E83B2A1F6C40002D9DF1;
					};
				};
			};
			buildConfigurationList = 83C4E8372A1F6C40002D9DF1 /* Build configuration list for PBXProject "Basic Weather App" */;
			compatibilityVersion = "Xcode 14.0";
			developmentRegion = en;
			hasScannedForEncodings = 0;
			knownRegions = (
				en,
				Base,
			);
			mainGroup = 83C4E8332A1F6C40002D9DF1;
			packageReferences = (
				832970E02A60D3300005345B /* XCRemoteSwiftPackageReference "NetworkComponents" */,
			);
			productRefGroup = 83C4E83D2A1F6C40002D9DF1 /* Products */;
			projectDirPath = "";
			projectRoot = "";
			targets = (
				83C4E83B2A1F6C40002D9DF1 /* Basic Weather App */,
				83C4E84C2A1F6C41002D9DF1 /* Basic Weather AppTests */,
				83C4E8562A1F6C41002D9DF1 /* Basic Weather AppUITests */,
			);
		};
/* End PBXProject section */

/* Begin PBXResourcesBuildPhase section */
		83C4E83A2A1F6C40002D9DF1 /* Resources */ = {
			isa = PBXResourcesBuildPhase;
			buildActionMask = 2147483647;
			files = (
				83C4E8482A1F6C41002D9DF1 /* Preview Assets.xcassets in Resources */,
				83C4E8442A1F6C41002D9DF1 /* Assets.xcassets in Resources */,
			);
			runOnlyForDeploymentPostprocessing = 0;
		};
		83C4E84B2A1F6C41002D9DF1 /* Resources */ = {
			isa = PBXResourcesBuildPhase;
			buildActionMask = 2147483647;
			files = (
				837AB1FA2A891D49004EB46B /* CurrentWeatherData.json in Resources */,
				834B7DFA2A7E8DD4004A1B17 /* FiveDayWeatherForecast.json in Resources */,
			);
			runOnlyForDeploymentPostprocessing = 0;
		};
		83C4E8552A1F6C41002D9DF1 /* Resources */ = {
			isa = PBXResourcesBuildPhase;
			buildActionMask = 2147483647;
			files = (
				837AB1FB2A891D49004EB46B /* CurrentWeatherData.json in Resources */,
				837AB1F72A891B50004EB46B /* FiveDayWeatherForecast.json in Resources */,
			);
			runOnlyForDeploymentPostprocessing = 0;
		};
/* End PBXResourcesBuildPhase section */

/* Begin PBXSourcesBuildPhase section */
		83C4E8382A1F6C40002D9DF1 /* Sources */ = {
			isa = PBXSourcesBuildPhase;
			buildActionMask = 2147483647;
			files = (
				83469C732A376CFF00DFB758 /* NetworkServiceIntercept.swift in Sources */,
				83C4E86D2A1F84F3002D9DF1 /* CurrentForecastView.swift in Sources */,
				83C4E87B2A1FF27B002D9DF1 /* WeatherViewModel.swift in Sources */,
				832970E52A6215960005345B /* EnvironmentService.swift in Sources */,
				83C4E86F2A1F8A21002D9DF1 /* WeatherServicesConsumer.swift in Sources */,
				834A93712A7D215500D8F1B8 /* Date+Extension.swift in Sources */,
				83C4E8772A1FB910002D9DF1 /* CurrentWeatherResponseModel.swift in Sources */,
				83C4E8752A1F9909002D9DF1 /* LocationServices.swift in Sources */,
				832970E72A62259E0005345B /* HourlyForecast.swift in Sources */,
				83469C752A376D2A00DFB758 /* WeatherServiceSearch.swift in Sources */,
				83CCDE5D2A47AFCC008C5C3E /* HumidityTileView.swift in Sources */,
				83C4E87D2A200AD8002D9DF1 /* SearchViewController.swift in Sources */,
				83C4E8792A1FE6FE002D9DF1 /* WeatherModel.swift in Sources */,
				839E556F2A3B801700E2C937 /* ImageCacheManager.swift in Sources */,
				83C4E8402A1F6C40002D9DF1 /* BasicWeatherApp.swift in Sources */,
			);
			runOnlyForDeploymentPostprocessing = 0;
		};
		83C4E8492A1F6C41002D9DF1 /* Sources */ = {
			isa = PBXSourcesBuildPhase;
			buildActionMask = 2147483647;
			files = (
				83155B052A8B92FD00412B12 /* FiveDayWeatherForeCastModel+Extension.swift in Sources */,
				837AB1E82A890D5E004EB46B /* String+Extension.swift in Sources */,
				83155B032A8B91AF00412B12 /* MockWeatherServiceConsumer.swift in Sources */,
				837AB1F22A8918F5004EB46B /* Bundle+Extension.swift in Sources */,
				83C4E8522A1F6C41002D9DF1 /* Chase_Code_ChallengeTests.swift in Sources */,
				837AB1EC2A890D9A004EB46B /* WeatherResponseModel+Extension.swift in Sources */,
			);
			runOnlyForDeploymentPostprocessing = 0;
		};
		83C4E8532A1F6C41002D9DF1 /* Sources */ = {
			isa = PBXSourcesBuildPhase;
			buildActionMask = 2147483647;
			files = (
				83C4E85E2A1F6C41002D9DF1 /* Chase_Code_ChallengeUITestsLaunchTests.swift in Sources */,
				837AB1EA2A890D66004EB46B /* OneDayResponseCheckDay.swift in Sources */,
				83C4E85C2A1F6C41002D9DF1 /* Chase_Code_ChallengeUITests.swift in Sources */,
			);
			runOnlyForDeploymentPostprocessing = 0;
		};
/* End PBXSourcesBuildPhase section */

/* Begin PBXTargetDependency section */
		83C4E84F2A1F6C41002D9DF1 /* PBXTargetDependency */ = {
			isa = PBXTargetDependency;
			target = 83C4E83B2A1F6C40002D9DF1 /* Basic Weather App */;
			targetProxy = 83C4E84E2A1F6C41002D9DF1 /* PBXContainerItemProxy */;
		};
		83C4E8592A1F6C41002D9DF1 /* PBXTargetDependency */ = {
			isa = PBXTargetDependency;
			target = 83C4E83B2A1F6C40002D9DF1 /* Basic Weather App */;
			targetProxy = 83C4E8582A1F6C41002D9DF1 /* PBXContainerItemProxy */;
		};
/* End PBXTargetDependency section */

/* Begin XCBuildConfiguration section */
		83C4E85F2A1F6C41002D9DF1 /* Debug */ = {
			isa = XCBuildConfiguration;
			buildSettings = {
				ALWAYS_SEARCH_USER_PATHS = NO;
				CLANG_ANALYZER_NONNULL = YES;
				CLANG_ANALYZER_NUMBER_OBJECT_CONVERSION = YES_AGGRESSIVE;
				CLANG_CXX_LANGUAGE_STANDARD = "gnu++20";
				CLANG_ENABLE_MODULES = YES;
				CLANG_ENABLE_OBJC_ARC = YES;
				CLANG_ENABLE_OBJC_WEAK = YES;
				CLANG_WARN_BLOCK_CAPTURE_AUTORELEASING = YES;
				CLANG_WARN_BOOL_CONVERSION = YES;
				CLANG_WARN_COMMA = YES;
				CLANG_WARN_CONSTANT_CONVERSION = YES;
				CLANG_WARN_DEPRECATED_OBJC_IMPLEMENTATIONS = YES;
				CLANG_WARN_DIRECT_OBJC_ISA_USAGE = YES_ERROR;
				CLANG_WARN_DOCUMENTATION_COMMENTS = YES;
				CLANG_WARN_EMPTY_BODY = YES;
				CLANG_WARN_ENUM_CONVERSION = YES;
				CLANG_WARN_INFINITE_RECURSION = YES;
				CLANG_WARN_INT_CONVERSION = YES;
				CLANG_WARN_NON_LITERAL_NULL_CONVERSION = YES;
				CLANG_WARN_OBJC_IMPLICIT_RETAIN_SELF = YES;
				CLANG_WARN_OBJC_LITERAL_CONVERSION = YES;
				CLANG_WARN_OBJC_ROOT_CLASS = YES_ERROR;
				CLANG_WARN_QUOTED_INCLUDE_IN_FRAMEWORK_HEADER = YES;
				CLANG_WARN_RANGE_LOOP_ANALYSIS = YES;
				CLANG_WARN_STRICT_PROTOTYPES = YES;
				CLANG_WARN_SUSPICIOUS_MOVE = YES;
				CLANG_WARN_UNGUARDED_AVAILABILITY = YES_AGGRESSIVE;
				CLANG_WARN_UNREACHABLE_CODE = YES;
				CLANG_WARN__DUPLICATE_METHOD_MATCH = YES;
				CODE_SIGN_ENTITLEMENTS = "Basic Weather App/Basic.entitlements";
				CODE_SIGN_STYLE = Automatic;
				COPY_PHASE_STRIP = NO;
				DEBUG_INFORMATION_FORMAT = dwarf;
				ENABLE_STRICT_OBJC_MSGSEND = YES;
				ENABLE_TESTABILITY = YES;
				GCC_C_LANGUAGE_STANDARD = gnu11;
				GCC_DYNAMIC_NO_PIC = NO;
				GCC_NO_COMMON_BLOCKS = YES;
				GCC_OPTIMIZATION_LEVEL = 0;
				GCC_PREPROCESSOR_DEFINITIONS = (
					"DEBUG=1",
					"$(inherited)",
				);
				GCC_WARN_64_TO_32_BIT_CONVERSION = YES;
				GCC_WARN_ABOUT_RETURN_TYPE = YES_ERROR;
				GCC_WARN_UNDECLARED_SELECTOR = YES;
				GCC_WARN_UNINITIALIZED_AUTOS = YES_AGGRESSIVE;
				GCC_WARN_UNUSED_FUNCTION = YES;
				GCC_WARN_UNUSED_VARIABLE = YES;
				INFOPLIST_FILE = BasicWeatherApp;
				MTL_ENABLE_DEBUG_INFO = INCLUDE_SOURCE;
				MTL_FAST_MATH = YES;
				ONLY_ACTIVE_ARCH = YES;
				SUPPORTED_PLATFORMS = "iphonesimulator iphoneos";
				SWIFT_ACTIVE_COMPILATION_CONDITIONS = DEBUG;
				SWIFT_OPTIMIZATION_LEVEL = "-Onone";
			};
			name = Debug;
		};
		83C4E8602A1F6C41002D9DF1 /* Release */ = {
			isa = XCBuildConfiguration;
			buildSettings = {
				ALWAYS_SEARCH_USER_PATHS = NO;
				CLANG_ANALYZER_NONNULL = YES;
				CLANG_ANALYZER_NUMBER_OBJECT_CONVERSION = YES_AGGRESSIVE;
				CLANG_CXX_LANGUAGE_STANDARD = "gnu++20";
				CLANG_ENABLE_MODULES = YES;
				CLANG_ENABLE_OBJC_ARC = YES;
				CLANG_ENABLE_OBJC_WEAK = YES;
				CLANG_WARN_BLOCK_CAPTURE_AUTORELEASING = YES;
				CLANG_WARN_BOOL_CONVERSION = YES;
				CLANG_WARN_COMMA = YES;
				CLANG_WARN_CONSTANT_CONVERSION = YES;
				CLANG_WARN_DEPRECATED_OBJC_IMPLEMENTATIONS = YES;
				CLANG_WARN_DIRECT_OBJC_ISA_USAGE = YES_ERROR;
				CLANG_WARN_DOCUMENTATION_COMMENTS = YES;
				CLANG_WARN_EMPTY_BODY = YES;
				CLANG_WARN_ENUM_CONVERSION = YES;
				CLANG_WARN_INFINITE_RECURSION = YES;
				CLANG_WARN_INT_CONVERSION = YES;
				CLANG_WARN_NON_LITERAL_NULL_CONVERSION = YES;
				CLANG_WARN_OBJC_IMPLICIT_RETAIN_SELF = YES;
				CLANG_WARN_OBJC_LITERAL_CONVERSION = YES;
				CLANG_WARN_OBJC_ROOT_CLASS = YES_ERROR;
				CLANG_WARN_QUOTED_INCLUDE_IN_FRAMEWORK_HEADER = YES;
				CLANG_WARN_RANGE_LOOP_ANALYSIS = YES;
				CLANG_WARN_STRICT_PROTOTYPES = YES;
				CLANG_WARN_SUSPICIOUS_MOVE = YES;
				CLANG_WARN_UNGUARDED_AVAILABILITY = YES_AGGRESSIVE;
				CLANG_WARN_UNREACHABLE_CODE = YES;
				CLANG_WARN__DUPLICATE_METHOD_MATCH = YES;
				CODE_SIGN_ENTITLEMENTS = "Basic Weather App/Basic.entitlements";
				CODE_SIGN_STYLE = Automatic;
				COPY_PHASE_STRIP = NO;
				DEBUG_INFORMATION_FORMAT = "dwarf-with-dsym";
				ENABLE_NS_ASSERTIONS = NO;
				ENABLE_STRICT_OBJC_MSGSEND = YES;
				GCC_C_LANGUAGE_STANDARD = gnu11;
				GCC_NO_COMMON_BLOCKS = YES;
				GCC_WARN_64_TO_32_BIT_CONVERSION = YES;
				GCC_WARN_ABOUT_RETURN_TYPE = YES_ERROR;
				GCC_WARN_UNDECLARED_SELECTOR = YES;
				GCC_WARN_UNINITIALIZED_AUTOS = YES_AGGRESSIVE;
				GCC_WARN_UNUSED_FUNCTION = YES;
				GCC_WARN_UNUSED_VARIABLE = YES;
				INFOPLIST_FILE = BasicWeatherApp;
				MTL_ENABLE_DEBUG_INFO = NO;
				MTL_FAST_MATH = YES;
				SUPPORTED_PLATFORMS = "iphonesimulator iphoneos";
				SWIFT_COMPILATION_MODE = wholemodule;
				SWIFT_OPTIMIZATION_LEVEL = "-O";
			};
			name = Release;
		};
		83C4E8622A1F6C41002D9DF1 /* Debug */ = {
			isa = XCBuildConfiguration;
			buildSettings = {
				ASSETCATALOG_COMPILER_APPICON_NAME = AppIcon;
				ASSETCATALOG_COMPILER_GLOBAL_ACCENT_COLOR_NAME = AccentColor;
				CODE_SIGN_ENTITLEMENTS = "Basic Weather App/Basic.entitlements";
				CODE_SIGN_IDENTITY = "Apple Development";
				CODE_SIGN_STYLE = Automatic;
				CURRENT_PROJECT_VERSION = 1;
				DEVELOPMENT_ASSET_PATHS = "Basic\\ Weather\\ App/Preview\\ Content";
				DEVELOPMENT_TEAM = J5RNLY2LS2;
				ENABLE_HARDENED_RUNTIME = YES;
				ENABLE_PREVIEWS = YES;
				GENERATE_INFOPLIST_FILE = YES;
				INFOPLIST_FILE = BasicWeatherApp.plist;
				INFOPLIST_KEY_LSApplicationCategoryType = "public.app-category.weather";
				INFOPLIST_KEY_NSLocationAlwaysAndWhenInUseUsageDescription = "We need access to your current location to get the weather for your current location.";
				INFOPLIST_KEY_NSLocationWhenInUseUsageDescription = "We need access to your location to get you your forecast.";
				"INFOPLIST_KEY_UIApplicationSceneManifest_Generation[sdk=iphoneos*]" = YES;
				"INFOPLIST_KEY_UIApplicationSceneManifest_Generation[sdk=iphonesimulator*]" = YES;
				"INFOPLIST_KEY_UIApplicationSupportsIndirectInputEvents[sdk=iphoneos*]" = YES;
				"INFOPLIST_KEY_UIApplicationSupportsIndirectInputEvents[sdk=iphonesimulator*]" = YES;
				"INFOPLIST_KEY_UILaunchScreen_Generation[sdk=iphoneos*]" = YES;
				"INFOPLIST_KEY_UILaunchScreen_Generation[sdk=iphonesimulator*]" = YES;
				"INFOPLIST_KEY_UIStatusBarStyle[sdk=iphoneos*]" = UIStatusBarStyleDefault;
				"INFOPLIST_KEY_UIStatusBarStyle[sdk=iphonesimulator*]" = UIStatusBarStyleDefault;
				INFOPLIST_KEY_UISupportedInterfaceOrientations_iPad = "UIInterfaceOrientationPortrait UIInterfaceOrientationPortraitUpsideDown UIInterfaceOrientationLandscapeLeft UIInterfaceOrientationLandscapeRight";
				INFOPLIST_KEY_UISupportedInterfaceOrientations_iPhone = "UIInterfaceOrientationPortrait UIInterfaceOrientationLandscapeLeft UIInterfaceOrientationLandscapeRight";
				IPHONEOS_DEPLOYMENT_TARGET = 16.2;
				LD_RUNPATH_SEARCH_PATHS = "@executable_path/Frameworks";
				"LD_RUNPATH_SEARCH_PATHS[sdk=macosx*]" = "@executable_path/../Frameworks";
				MACOSX_DEPLOYMENT_TARGET = 13.1;
				MARKETING_VERSION = 1.0;
				PRODUCT_BUNDLE_IDENTIFIER = Basic.Weather.App;
				PRODUCT_NAME = "$(TARGET_NAME)";
				PROVISIONING_PROFILE_SPECIFIER = "";
				SDKROOT = auto;
				SUPPORTED_PLATFORMS = "iphonesimulator iphoneos";
				SWIFT_EMIT_LOC_STRINGS = YES;
				SWIFT_VERSION = 5.0;
				TARGETED_DEVICE_FAMILY = "1,2";
			};
			name = Debug;
		};
		83C4E8632A1F6C41002D9DF1 /* Release */ = {
			isa = XCBuildConfiguration;
			buildSettings = {
				ASSETCATALOG_COMPILER_APPICON_NAME = AppIcon;
				ASSETCATALOG_COMPILER_GLOBAL_ACCENT_COLOR_NAME = AccentColor;
				CODE_SIGN_ENTITLEMENTS = "Basic Weather App/Basic.entitlements";
				CODE_SIGN_IDENTITY = "Apple Development";
				CODE_SIGN_STYLE = Automatic;
				CURRENT_PROJECT_VERSION = 1;
				DEVELOPMENT_ASSET_PATHS = "Basic\\ Weather\\ App/Preview\\ Content";
				DEVELOPMENT_TEAM = J5RNLY2LS2;
				ENABLE_HARDENED_RUNTIME = YES;
				ENABLE_PREVIEWS = YES;
				GENERATE_INFOPLIST_FILE = YES;
				INFOPLIST_FILE = BasicWeatherApp.plist;
				INFOPLIST_KEY_LSApplicationCategoryType = "public.app-category.weather";
				INFOPLIST_KEY_NSLocationAlwaysAndWhenInUseUsageDescription = "We need access to your current location to get the weather for your current location.";
				INFOPLIST_KEY_NSLocationWhenInUseUsageDescription = "We need access to your location to get you your forecast.";
				"INFOPLIST_KEY_UIApplicationSceneManifest_Generation[sdk=iphoneos*]" = YES;
				"INFOPLIST_KEY_UIApplicationSceneManifest_Generation[sdk=iphonesimulator*]" = YES;
				"INFOPLIST_KEY_UIApplicationSupportsIndirectInputEvents[sdk=iphoneos*]" = YES;
				"INFOPLIST_KEY_UIApplicationSupportsIndirectInputEvents[sdk=iphonesimulator*]" = YES;
				"INFOPLIST_KEY_UILaunchScreen_Generation[sdk=iphoneos*]" = YES;
				"INFOPLIST_KEY_UILaunchScreen_Generation[sdk=iphonesimulator*]" = YES;
				"INFOPLIST_KEY_UIStatusBarStyle[sdk=iphoneos*]" = UIStatusBarStyleDefault;
				"INFOPLIST_KEY_UIStatusBarStyle[sdk=iphonesimulator*]" = UIStatusBarStyleDefault;
				INFOPLIST_KEY_UISupportedInterfaceOrientations_iPad = "UIInterfaceOrientationPortrait UIInterfaceOrientationPortraitUpsideDown UIInterfaceOrientationLandscapeLeft UIInterfaceOrientationLandscapeRight";
				INFOPLIST_KEY_UISupportedInterfaceOrientations_iPhone = "UIInterfaceOrientationPortrait UIInterfaceOrientationLandscapeLeft UIInterfaceOrientationLandscapeRight";
				IPHONEOS_DEPLOYMENT_TARGET = 16.2;
				LD_RUNPATH_SEARCH_PATHS = "@executable_path/Frameworks";
				"LD_RUNPATH_SEARCH_PATHS[sdk=macosx*]" = "@executable_path/../Frameworks";
				MACOSX_DEPLOYMENT_TARGET = 13.1;
				MARKETING_VERSION = 1.0;
				PRODUCT_BUNDLE_IDENTIFIER = Basic.Weather.App;
				PRODUCT_NAME = "$(TARGET_NAME)";
				PROVISIONING_PROFILE_SPECIFIER = "";
				SDKROOT = auto;
				SUPPORTED_PLATFORMS = "iphonesimulator iphoneos";
				SWIFT_EMIT_LOC_STRINGS = YES;
				SWIFT_VERSION = 5.0;
				TARGETED_DEVICE_FAMILY = "1,2";
			};
			name = Release;
		};
		83C4E8652A1F6C41002D9DF1 /* Debug */ = {
			isa = XCBuildConfiguration;
			buildSettings = {
				ALWAYS_EMBED_SWIFT_STANDARD_LIBRARIES = YES;
				BUNDLE_LOADER = "$(TEST_HOST)";
				CODE_SIGN_IDENTITY = "Apple Development";
				CODE_SIGN_STYLE = Automatic;
				CURRENT_PROJECT_VERSION = 1;
				DEVELOPMENT_TEAM = J5RNLY2LS2;
				GENERATE_INFOPLIST_FILE = YES;
				IPHONEOS_DEPLOYMENT_TARGET = 16.2;
				MACOSX_DEPLOYMENT_TARGET = 13.1;
				MARKETING_VERSION = 1.0;
				PRODUCT_BUNDLE_IDENTIFIER = Basic.Weather.AppTest;
				PRODUCT_NAME = "$(TARGET_NAME)";
				PROVISIONING_PROFILE_SPECIFIER = "";
				SDKROOT = auto;
				SUPPORTED_PLATFORMS = "iphoneos iphonesimulator macosx";
				SWIFT_EMIT_LOC_STRINGS = NO;
				SWIFT_VERSION = 5.0;
				TARGETED_DEVICE_FAMILY = "1,2";
				TEST_HOST = "$(BUILT_PRODUCTS_DIR)/Basic Weather App.app/$(BUNDLE_EXECUTABLE_FOLDER_PATH)/Basic Weather App";
			};
			name = Debug;
		};
		83C4E8662A1F6C41002D9DF1 /* Release */ = {
			isa = XCBuildConfiguration;
			buildSettings = {
				ALWAYS_EMBED_SWIFT_STANDARD_LIBRARIES = YES;
				BUNDLE_LOADER = "$(TEST_HOST)";
				CODE_SIGN_IDENTITY = "Apple Development";
				CODE_SIGN_STYLE = Automatic;
				CURRENT_PROJECT_VERSION = 1;
				DEVELOPMENT_TEAM = J5RNLY2LS2;
				GENERATE_INFOPLIST_FILE = YES;
				IPHONEOS_DEPLOYMENT_TARGET = 16.2;
				MACOSX_DEPLOYMENT_TARGET = 13.1;
				MARKETING_VERSION = 1.0;
				PRODUCT_BUNDLE_IDENTIFIER = Basic.Weather.AppTest;
				PRODUCT_NAME = "$(TARGET_NAME)";
				PROVISIONING_PROFILE_SPECIFIER = "";
				SDKROOT = auto;
				SUPPORTED_PLATFORMS = "iphoneos iphonesimulator macosx";
				SWIFT_EMIT_LOC_STRINGS = NO;
				SWIFT_VERSION = 5.0;
				TARGETED_DEVICE_FAMILY = "1,2";
				TEST_HOST = "$(BUILT_PRODUCTS_DIR)/Basic Weather App.app/$(BUNDLE_EXECUTABLE_FOLDER_PATH)/Basic Weather App";
			};
			name = Release;
		};
		83C4E8682A1F6C41002D9DF1 /* Debug */ = {
			isa = XCBuildConfiguration;
			buildSettings = {
				ALWAYS_EMBED_SWIFT_STANDARD_LIBRARIES = YES;
				CODE_SIGN_STYLE = Automatic;
				CURRENT_PROJECT_VERSION = 1;
				DEVELOPMENT_TEAM = J5RNLY2LS2;
				GENERATE_INFOPLIST_FILE = YES;
				IPHONEOS_DEPLOYMENT_TARGET = 16.2;
				MACOSX_DEPLOYMENT_TARGET = 13.1;
				MARKETING_VERSION = 1.0;
				PRODUCT_BUNDLE_IDENTIFIER = Basic.Weather.AppUITests;
				PRODUCT_NAME = "$(TARGET_NAME)";
				SDKROOT = auto;
				SUPPORTED_PLATFORMS = "iphoneos iphonesimulator macosx";
				SWIFT_EMIT_LOC_STRINGS = NO;
				SWIFT_VERSION = 5.0;
				TARGETED_DEVICE_FAMILY = "1,2";
				TEST_TARGET_NAME = "Basic Weather App";
			};
			name = Debug;
		};
		83C4E8692A1F6C41002D9DF1 /* Release */ = {
			isa = XCBuildConfiguration;
			buildSettings = {
				ALWAYS_EMBED_SWIFT_STANDARD_LIBRARIES = YES;
				CODE_SIGN_STYLE = Automatic;
				CURRENT_PROJECT_VERSION = 1;
				DEVELOPMENT_TEAM = J5RNLY2LS2;
				GENERATE_INFOPLIST_FILE = YES;
				IPHONEOS_DEPLOYMENT_TARGET = 16.2;
				MACOSX_DEPLOYMENT_TARGET = 13.1;
				MARKETING_VERSION = 1.0;
				PRODUCT_BUNDLE_IDENTIFIER = Basic.Weather.AppUITests;
				PRODUCT_NAME = "$(TARGET_NAME)";
				SDKROOT = auto;
				SUPPORTED_PLATFORMS = "iphoneos iphonesimulator macosx";
				SWIFT_EMIT_LOC_STRINGS = NO;
				SWIFT_VERSION = 5.0;
				TARGETED_DEVICE_FAMILY = "1,2";
				TEST_TARGET_NAME = "Basic Weather App";
			};
			name = Release;
		};
/* End XCBuildConfiguration section */

/* Begin XCConfigurationList section */
		83C4E8372A1F6C40002D9DF1 /* Build configuration list for PBXProject "Basic Weather App" */ = {
			isa = XCConfigurationList;
			buildConfigurations = (
				83C4E85F2A1F6C41002D9DF1 /* Debug */,
				83C4E8602A1F6C41002D9DF1 /* Release */,
			);
			defaultConfigurationIsVisible = 0;
			defaultConfigurationName = Release;
		};
		83C4E8612A1F6C41002D9DF1 /* Build configuration list for PBXNativeTarget "Basic Weather App" */ = {
			isa = XCConfigurationList;
			buildConfigurations = (
				83C4E8622A1F6C41002D9DF1 /* Debug */,
				83C4E8632A1F6C41002D9DF1 /* Release */,
			);
			defaultConfigurationIsVisible = 0;
			defaultConfigurationName = Release;
		};
		83C4E8642A1F6C41002D9DF1 /* Build configuration list for PBXNativeTarget "Basic Weather AppTests" */ = {
			isa = XCConfigurationList;
			buildConfigurations = (
				83C4E8652A1F6C41002D9DF1 /* Debug */,
				83C4E8662A1F6C41002D9DF1 /* Release */,
			);
			defaultConfigurationIsVisible = 0;
			defaultConfigurationName = Release;
		};
		83C4E8672A1F6C41002D9DF1 /* Build configuration list for PBXNativeTarget "Basic Weather AppUITests" */ = {
			isa = XCConfigurationList;
			buildConfigurations = (
				83C4E8682A1F6C41002D9DF1 /* Debug */,
				83C4E8692A1F6C41002D9DF1 /* Release */,
			);
			defaultConfigurationIsVisible = 0;
			defaultConfigurationName = Release;
		};
/* End XCConfigurationList section */

/* Begin XCRemoteSwiftPackageReference section */
		832970E02A60D3300005345B /* XCRemoteSwiftPackageReference "NetworkComponents" */ = {
			isa = XCRemoteSwiftPackageReference;
			repositoryURL = "https://github.com/aamoros1/NetworkComponents";
			requirement = {
				branch = main;
				kind = branch;
			};
		};
/* End XCRemoteSwiftPackageReference section */

/* Begin XCSwiftPackageProductDependency section */
		832970E12A60D3300005345B /* NetworkComponents */ = {
			isa = XCSwiftPackageProductDependency;
			package = 832970E02A60D3300005345B /* XCRemoteSwiftPackageReference "NetworkComponents" */;
			productName = NetworkComponents;
		};
/* End XCSwiftPackageProductDependency section */
	};
	rootObject = 83C4E8342A1F6C40002D9DF1 /* Project object */;
}
