{
  "pins" : [
    {
      "identity" : "networkcomponents",
      "kind" : "remoteSourceControl",
      "location" : "https://github.com/aamoros1/NetworkComponents",
      "state" : {
        "branch" : "main",
        "revision" : "c9b184a3a7c20b254f0302858295a036ce2552cb"
      }
    }
  ],
  "version" : 2
}
